{
  "projects": [
    {
      "projectId": "x8ztdr6NwjtFcF6gdhDwfr",
      "version": "latest",
      "dependencies": {},
      "lang": "ts",
      "fileLocks": [
        {
          "type": "globalVariant",
          "assetId": "b0t-W0BM_nt_",
          "checksum": "2f173c23d38cd1b1122d11d92f076321"
        },
        {
          "type": "renderModule",
          "assetId": "2oDxXLtuj9QP",
          "checksum": "6e570ef04515a87b127d23bd817cf6c4"
        },
        {
          "type": "cssRules",
          "assetId": "2oDxXLtuj9QP",
          "checksum": "6e570ef04515a87b127d23bd817cf6c4"
        },
        {
          "type": "renderModule",
          "assetId": "5NdmoXTPsJ9",
          "checksum": "12dfd5c8926ac162da456a434d159328"
        },
        {
          "type": "cssRules",
          "assetId": "5NdmoXTPsJ9",
          "checksum": "12dfd5c8926ac162da456a434d159328"
        },
        {
          "type": "renderModule",
          "assetId": "ZtlGG_EjHW",
          "checksum": "732b71da0443a6eedde4d9b93ec8428a"
        },
        {
          "type": "cssRules",
          "assetId": "ZtlGG_EjHW",
          "checksum": "732b71da0443a6eedde4d9b93ec8428a"
        },
        {
          "type": "renderModule",
          "assetId": "aBVp1OdCVQ",
          "checksum": "0ce5e783a1dab2705b44cf2b4275e072"
        },
        {
          "type": "cssRules",
          "assetId": "aBVp1OdCVQ",
          "checksum": "0ce5e783a1dab2705b44cf2b4275e072"
        },
        {
          "type": "renderModule",
          "assetId": "5Zh2jaWV88",
          "checksum": "4f9f0e354c854f05f61626cf2b777944"
        },
        {
          "type": "cssRules",
          "assetId": "5Zh2jaWV88",
          "checksum": "4f9f0e354c854f05f61626cf2b777944"
        },
        {
          "type": "renderModule",
          "assetId": "3pT1k967mK",
          "checksum": "6d1ec30a52bfc2f61211f961265ecc55"
        },
        {
          "type": "cssRules",
          "assetId": "3pT1k967mK",
          "checksum": "6d1ec30a52bfc2f61211f961265ecc55"
        },
        {
          "type": "image",
          "assetId": "WIxE3HjXqT",
          "checksum": "cf1e1ed49eb8d749ad7643d0b30fb59e"
        },
        {
          "assetId": "x8ztdr6NwjtFcF6gdhDwfr",
          "type": "projectCss",
          "checksum": "3d663db564ac30b88462b624e3e5bd94"
        },
        {
          "type": "renderModule",
          "assetId": "Rk1jRnXKDu",
          "checksum": "0ffaeff38010f0b5477e4bb0f1cd3dfd"
        },
        {
          "type": "cssRules",
          "assetId": "Rk1jRnXKDu",
          "checksum": "0ffaeff38010f0b5477e4bb0f1cd3dfd"
        },
        {
          "type": "icon",
          "assetId": "3_Et6U0xfn5",
          "checksum": "5ebf92867c987d3679835f2250d44135"
        },
        {
          "type": "icon",
          "assetId": "pNiNdGhV783",
          "checksum": "609d5f36b7d54e77596f4918864862f8"
        },
        {
          "type": "icon",
          "assetId": "L7BY_8YYtd",
          "checksum": "19b1b2eb4a5b655e290e4c355624832a"
        },
        {
          "type": "icon",
          "assetId": "2fdrCWYF_HL",
          "checksum": "791f9003413674317503ba474121d031"
        },
        {
          "type": "icon",
          "assetId": "N-AzQaCnZa",
          "checksum": "b5acf6404931cd29da36ca141a0154ab"
        },
        {
          "type": "image",
          "assetId": "yduxNW4SAn",
          "checksum": "37f370be52fa27bf1af4bba07a177602"
        }
      ]
    }
  ],
  "cliVersion": "0.1.145"
}
